// !$*UTF8*$!
{
	archiveVersion = 1;
	classes = {
	};
	objectVersion = 51;
	objects = {

/* Begin PBXBuildFile section */
		259C32BD5B9440AA86E7772E /* awsconfiguration.json in Resources */ = {isa = PBXBuildFile; fileRef = A27F61EE58A447C69EE31E8A /* awsconfiguration.json */; };
		78A91654528C4BFFA3F9D82F /* amplifyconfiguration.json in Resources */ = {isa = PBXBuildFile; fileRef = 06337B3F87F045DE92A98793 /* amplifyconfiguration.json */; };
		9608D34C69E77EA49AA077E0 /* Pods_Form2FlyUI.framework in Frameworks */ = {isa = PBXBuildFile; fileRef = 846F61094318C7B276554B50 /* Pods_Form2FlyUI.framework */; };
		F00107B025EC3BEF00D4A383 /* TrainingViewController.swift in Sources */ = {isa = PBXBuildFile; fileRef = F00107AF25EC3BEF00D4A383 /* TrainingViewController.swift */; };
		F00DCC032619FEBC0076B9FD /* professionalPlayers.swift in Sources */ = {isa = PBXBuildFile; fileRef = F00DCC022619FEBC0076B9FD /* professionalPlayers.swift */; };
		F031338E25EBE29A002C649F /* RecordOrUploadViewController.swift in Sources */ = {isa = PBXBuildFile; fileRef = F031338D25EBE29A002C649F /* RecordOrUploadViewController.swift */; };
		F048CF1125EAB69D006F1C70 /* puzzleNoBG.png in Resources */ = {isa = PBXBuildFile; fileRef = F048CF1025EAB69D006F1C70 /* puzzleNoBG.png */; };
		F048CF1425EACA00006F1C70 /* pickProfessional.png in Resources */ = {isa = PBXBuildFile; fileRef = F048CF1325EACA00006F1C70 /* pickProfessional.png */; };
		F07EAC582610C205007A5769 /* User.swift in Sources */ = {isa = PBXBuildFile; fileRef = F07EAC572610C205007A5769 /* User.swift */; };
		F09912D025EB005D00B6811A /* SelectOrMatchViewController.swift in Sources */ = {isa = PBXBuildFile; fileRef = F09912CF25EB005D00B6811A /* SelectOrMatchViewController.swift */; };
		F09912D525EB026200B6811A /* SignOnViewController.swift in Sources */ = {isa = PBXBuildFile; fileRef = F09912D425EB026200B6811A /* SignOnViewController.swift */; };
		F09EC01B261551CD00E289A4 /* CreateAccountViewController.swift in Sources */ = {isa = PBXBuildFile; fileRef = F09EC01A261551CD00E289A4 /* CreateAccountViewController.swift */; };
		F0AEDCDC25E82E0100AAF1AA /* AppDelegate.swift in Sources */ = {isa = PBXBuildFile; fileRef = F0AEDCDB25E82E0100AAF1AA /* AppDelegate.swift */; };
		F0AEDCDE25E82E0100AAF1AA /* SceneDelegate.swift in Sources */ = {isa = PBXBuildFile; fileRef = F0AEDCDD25E82E0100AAF1AA /* SceneDelegate.swift */; };
		F0AEDCE025E82E0100AAF1AA /* ViewController.swift in Sources */ = {isa = PBXBuildFile; fileRef = F0AEDCDF25E82E0100AAF1AA /* ViewController.swift */; };
		F0AEDCE325E82E0100AAF1AA /* Main.storyboard in Resources */ = {isa = PBXBuildFile; fileRef = F0AEDCE125E82E0100AAF1AA /* Main.storyboard */; };
		F0AEDCE525E82E0100AAF1AA /* Assets.xcassets in Resources */ = {isa = PBXBuildFile; fileRef = F0AEDCE425E82E0100AAF1AA /* Assets.xcassets */; };
		F0AEDCE825E82E0100AAF1AA /* LaunchScreen.storyboard in Resources */ = {isa = PBXBuildFile; fileRef = F0AEDCE625E82E0100AAF1AA /* LaunchScreen.storyboard */; };
		F0AEDCF125E831EB00AAF1AA /* image2.png in Resources */ = {isa = PBXBuildFile; fileRef = F0AEDCF025E831EB00AAF1AA /* image2.png */; };
		F0B662FF260147FA005332E7 /* form2fly_logo_glow (2).png in Resources */ = {isa = PBXBuildFile; fileRef = F0B662FE260147FA005332E7 /* form2fly_logo_glow (2).png */; };
		F0C041F225EB22D10070FA53 /* ProfessionalsViewController.swift in Sources */ = {isa = PBXBuildFile; fileRef = F0C041F125EB22D10070FA53 /* ProfessionalsViewController.swift */; };
		F0C041F525EB262F0070FA53 /* ProTableCell.swift in Sources */ = {isa = PBXBuildFile; fileRef = F0C041F425EB262F0070FA53 /* ProTableCell.swift */; };
		F0C041F825EB27C60070FA53 /* Professional.swift in Sources */ = {isa = PBXBuildFile; fileRef = F0C041F725EB27C60070FA53 /* Professional.swift */; };
		F0C0420025EB38940070FA53 /* SettingsViewController.swift in Sources */ = {isa = PBXBuildFile; fileRef = F0C041FF25EB38940070FA53 /* SettingsViewController.swift */; };
		F0C0420425EB3B870070FA53 /* ThrowTypeViewController.swift in Sources */ = {isa = PBXBuildFile; fileRef = F0C0420325EB3B870070FA53 /* ThrowTypeViewController.swift */; };
		F0DAB6842612D9BE00417C4F /* amplifyconfiguration.json in Resources */ = {isa = PBXBuildFile; fileRef = F0DAB6832612D9BE00417C4F /* amplifyconfiguration.json */; };
		F0DAB6872612D9C800417C4F /* awsconfiguration.json in Resources */ = {isa = PBXBuildFile; fileRef = F0DAB6862612D9C800417C4F /* awsconfiguration.json */; };
		F0DAB68A2612DBBF00417C4F /* Backend.swift in Sources */ = {isa = PBXBuildFile; fileRef = F0DAB6892612DBBF00417C4F /* Backend.swift */; };
		F0F1A87925EC5AAD00AF4F6F /* avatar.png in Resources */ = {isa = PBXBuildFile; fileRef = F0F1A87825EC5AAD00AF4F6F /* avatar.png */; };
/* End PBXBuildFile section */

/* Begin PBXFileReference section */
		06337B3F87F045DE92A98793 /* amplifyconfiguration.json */ = {isa = PBXFileReference; explicitFileType = undefined; fileEncoding = 9; includeInIndex = 0; lastKnownFileType = unknown; path = amplifyconfiguration.json; sourceTree = "<group>"; };
		6D67DDECD2F818414CE87D54 /* Pods-Form2FlyUI.release.xcconfig */ = {isa = PBXFileReference; includeInIndex = 1; lastKnownFileType = text.xcconfig; name = "Pods-Form2FlyUI.release.xcconfig"; path = "Target Support Files/Pods-Form2FlyUI/Pods-Form2FlyUI.release.xcconfig"; sourceTree = "<group>"; };
		846F61094318C7B276554B50 /* Pods_Form2FlyUI.framework */ = {isa = PBXFileReference; explicitFileType = wrapper.framework; includeInIndex = 0; path = Pods_Form2FlyUI.framework; sourceTree = BUILT_PRODUCTS_DIR; };
		9D31DA01D984491C89F978F6 /* amplifytools.xcconfig */ = {isa = PBXFileReference; explicitFileType = undefined; fileEncoding = 4; includeInIndex = 0; lastKnownFileType = text.xcconfig; path = amplifytools.xcconfig; sourceTree = "<group>"; };
		A27F61EE58A447C69EE31E8A /* awsconfiguration.json */ = {isa = PBXFileReference; explicitFileType = undefined; fileEncoding = 9; includeInIndex = 0; lastKnownFileType = unknown; path = awsconfiguration.json; sourceTree = "<group>"; };
		CE9A4C8048AAF7D8EB3AB9CA /* Pods-Form2FlyUI.debug.xcconfig */ = {isa = PBXFileReference; includeInIndex = 1; lastKnownFileType = text.xcconfig; name = "Pods-Form2FlyUI.debug.xcconfig"; path = "Target Support Files/Pods-Form2FlyUI/Pods-Form2FlyUI.debug.xcconfig"; sourceTree = "<group>"; };
		F00107AF25EC3BEF00D4A383 /* TrainingViewController.swift */ = {isa = PBXFileReference; lastKnownFileType = sourcecode.swift; path = TrainingViewController.swift; sourceTree = "<group>"; };
		F00DCC022619FEBC0076B9FD /* professionalPlayers.swift */ = {isa = PBXFileReference; lastKnownFileType = sourcecode.swift; path = professionalPlayers.swift; sourceTree = "<group>"; };
		F031338D25EBE29A002C649F /* RecordOrUploadViewController.swift */ = {isa = PBXFileReference; lastKnownFileType = sourcecode.swift; path = RecordOrUploadViewController.swift; sourceTree = "<group>"; };
		F048CF1025EAB69D006F1C70 /* puzzleNoBG.png */ = {isa = PBXFileReference; lastKnownFileType = image.png; path = puzzleNoBG.png; sourceTree = "<group>"; };
		F048CF1325EACA00006F1C70 /* pickProfessional.png */ = {isa = PBXFileReference; lastKnownFileType = image.png; path = pickProfessional.png; sourceTree = "<group>"; };
		F07EAC572610C205007A5769 /* User.swift */ = {isa = PBXFileReference; lastKnownFileType = sourcecode.swift; path = User.swift; sourceTree = "<group>"; };
		F09912CF25EB005D00B6811A /* SelectOrMatchViewController.swift */ = {isa = PBXFileReference; lastKnownFileType = sourcecode.swift; path = SelectOrMatchViewController.swift; sourceTree = "<group>"; };
		F09912D425EB026200B6811A /* SignOnViewController.swift */ = {isa = PBXFileReference; lastKnownFileType = sourcecode.swift; path = SignOnViewController.swift; sourceTree = "<group>"; };
		F09EC01A261551CD00E289A4 /* CreateAccountViewController.swift */ = {isa = PBXFileReference; lastKnownFileType = sourcecode.swift; path = CreateAccountViewController.swift; sourceTree = "<group>"; };
		F0AEDCD825E82E0100AAF1AA /* Form2FlyUI.app */ = {isa = PBXFileReference; explicitFileType = wrapper.application; includeInIndex = 0; path = Form2FlyUI.app; sourceTree = BUILT_PRODUCTS_DIR; };
		F0AEDCDB25E82E0100AAF1AA /* AppDelegate.swift */ = {isa = PBXFileReference; lastKnownFileType = sourcecode.swift; path = AppDelegate.swift; sourceTree = "<group>"; };
		F0AEDCDD25E82E0100AAF1AA /* SceneDelegate.swift */ = {isa = PBXFileReference; lastKnownFileType = sourcecode.swift; path = SceneDelegate.swift; sourceTree = "<group>"; };
		F0AEDCDF25E82E0100AAF1AA /* ViewController.swift */ = {isa = PBXFileReference; lastKnownFileType = sourcecode.swift; path = ViewController.swift; sourceTree = "<group>"; };
		F0AEDCE225E82E0100AAF1AA /* Base */ = {isa = PBXFileReference; lastKnownFileType = file.storyboard; name = Base; path = Base.lproj/Main.storyboard; sourceTree = "<group>"; };
		F0AEDCE425E82E0100AAF1AA /* Assets.xcassets */ = {isa = PBXFileReference; lastKnownFileType = folder.assetcatalog; path = Assets.xcassets; sourceTree = "<group>"; };
		F0AEDCE725E82E0100AAF1AA /* Base */ = {isa = PBXFileReference; lastKnownFileType = file.storyboard; name = Base; path = Base.lproj/LaunchScreen.storyboard; sourceTree = "<group>"; };
		F0AEDCE925E82E0100AAF1AA /* Info.plist */ = {isa = PBXFileReference; lastKnownFileType = text.plist.xml; path = Info.plist; sourceTree = "<group>"; };
		F0AEDCF025E831EB00AAF1AA /* image2.png */ = {isa = PBXFileReference; lastKnownFileType = image.png; path = image2.png; sourceTree = "<group>"; };
		F0B662FE260147FA005332E7 /* form2fly_logo_glow (2).png */ = {isa = PBXFileReference; lastKnownFileType = image.png; path = "form2fly_logo_glow (2).png"; sourceTree = "<group>"; };
		F0C041F125EB22D10070FA53 /* ProfessionalsViewController.swift */ = {isa = PBXFileReference; lastKnownFileType = sourcecode.swift; path = ProfessionalsViewController.swift; sourceTree = "<group>"; };
		F0C041F425EB262F0070FA53 /* ProTableCell.swift */ = {isa = PBXFileReference; lastKnownFileType = sourcecode.swift; path = ProTableCell.swift; sourceTree = "<group>"; };
		F0C041F725EB27C60070FA53 /* Professional.swift */ = {isa = PBXFileReference; lastKnownFileType = sourcecode.swift; path = Professional.swift; sourceTree = "<group>"; };
		F0C041FF25EB38940070FA53 /* SettingsViewController.swift */ = {isa = PBXFileReference; lastKnownFileType = sourcecode.swift; path = SettingsViewController.swift; sourceTree = "<group>"; };
		F0C0420325EB3B870070FA53 /* ThrowTypeViewController.swift */ = {isa = PBXFileReference; lastKnownFileType = sourcecode.swift; path = ThrowTypeViewController.swift; sourceTree = "<group>"; };
		F0DAB6832612D9BE00417C4F /* amplifyconfiguration.json */ = {isa = PBXFileReference; fileEncoding = 4; lastKnownFileType = text.json; path = amplifyconfiguration.json; sourceTree = "<group>"; };
		F0DAB6862612D9C800417C4F /* awsconfiguration.json */ = {isa = PBXFileReference; fileEncoding = 4; lastKnownFileType = text.json; path = awsconfiguration.json; sourceTree = "<group>"; };
		F0DAB6892612DBBF00417C4F /* Backend.swift */ = {isa = PBXFileReference; lastKnownFileType = sourcecode.swift; path = Backend.swift; sourceTree = "<group>"; };
		F0F1A87825EC5AAD00AF4F6F /* avatar.png */ = {isa = PBXFileReference; lastKnownFileType = image.png; path = avatar.png; sourceTree = "<group>"; };
/* End PBXFileReference section */

/* Begin PBXFrameworksBuildPhase section */
		F0AEDCD525E82E0100AAF1AA /* Frameworks */ = {
			isa = PBXFrameworksBuildPhase;
			buildActionMask = 2147483647;
			files = (
				9608D34C69E77EA49AA077E0 /* Pods_Form2FlyUI.framework in Frameworks */,
			);
			runOnlyForDeploymentPostprocessing = 0;
		};
/* End PBXFrameworksBuildPhase section */

/* Begin PBXGroup section */
		56570BF0001CCCB086B337A9 /* Frameworks */ = {
			isa = PBXGroup;
			children = (
				846F61094318C7B276554B50 /* Pods_Form2FlyUI.framework */,
			);
			name = Frameworks;
			sourceTree = "<group>";
		};
		C9BA5097D6E88DC78FD8BC52 /* Pods */ = {
			isa = PBXGroup;
			children = (
				CE9A4C8048AAF7D8EB3AB9CA /* Pods-Form2FlyUI.debug.xcconfig */,
				6D67DDECD2F818414CE87D54 /* Pods-Form2FlyUI.release.xcconfig */,
			);
			path = Pods;
			sourceTree = "<group>";
		};
		F00107AE25EC3BDC00D4A383 /* TrainingView */ = {
			isa = PBXGroup;
			children = (
				F00107AF25EC3BEF00D4A383 /* TrainingViewController.swift */,
			);
			path = TrainingView;
			sourceTree = "<group>";
		};
		F031338C25EBE271002C649F /* RecordOrUploadView */ = {
			isa = PBXGroup;
			children = (
				F031338D25EBE29A002C649F /* RecordOrUploadViewController.swift */,
			);
			path = RecordOrUploadView;
			sourceTree = "<group>";
		};
		F09912CD25EB002300B6811A /* SelectOrMatchView */ = {
			isa = PBXGroup;
			children = (
				F09912CF25EB005D00B6811A /* SelectOrMatchViewController.swift */,
			);
			path = SelectOrMatchView;
			sourceTree = "<group>";
		};
		F09912D225EB023D00B6811A /* SignOnView */ = {
			isa = PBXGroup;
			children = (
				F09912D425EB026200B6811A /* SignOnViewController.swift */,
			);
			path = SignOnView;
			sourceTree = "<group>";
		};
		F09912D725EB035700B6811A /* Images */ = {
			isa = PBXGroup;
			children = (
				F0B662FE260147FA005332E7 /* form2fly_logo_glow (2).png */,
				F0F1A87825EC5AAD00AF4F6F /* avatar.png */,
				F0AEDCF025E831EB00AAF1AA /* image2.png */,
				F048CF1325EACA00006F1C70 /* pickProfessional.png */,
				F048CF1025EAB69D006F1C70 /* puzzleNoBG.png */,
			);
			path = Images;
			sourceTree = "<group>";
		};
		F09EC019261551A300E289A4 /* CreateAccount */ = {
			isa = PBXGroup;
			children = (
				F09EC01A261551CD00E289A4 /* CreateAccountViewController.swift */,
			);
			path = CreateAccount;
			sourceTree = "<group>";
		};
		F0AEDCCF25E82E0100AAF1AA = {
			isa = PBXGroup;
			children = (
				F09EC019261551A300E289A4 /* CreateAccount */,
				F0DAB6892612DBBF00417C4F /* Backend.swift */,
				F0DAB6832612D9BE00417C4F /* amplifyconfiguration.json */,
				F0DAB6862612D9C800417C4F /* awsconfiguration.json */,
				F613B65231974B7A9AB785AD /* AmplifyConfig */,
				F0AEDCDA25E82E0100AAF1AA /* Form2FlyUI */,
				C9BA5097D6E88DC78FD8BC52 /* Pods */,
				56570BF0001CCCB086B337A9 /* Frameworks */,
			);
			sourceTree = "<group>";
		};
		F0AEDCD925E82E0100AAF1AA /* Products */ = {
			isa = PBXGroup;
			children = (
				F0AEDCD825E82E0100AAF1AA /* Form2FlyUI.app */,
			);
			name = Products;
			path = ..;
			sourceTree = "<group>";
		};
		F0AEDCDA25E82E0100AAF1AA /* Form2FlyUI */ = {
			isa = PBXGroup;
			children = (
				F00107AE25EC3BDC00D4A383 /* TrainingView */,
				F031338C25EBE271002C649F /* RecordOrUploadView */,
				F0C0420225EB3B5B0070FA53 /* SelectThrowType */,
				F0C041FD25EB383D0070FA53 /* SettingsView */,
				F0C041F025EB22640070FA53 /* ProfessionalTableView */,
				F09912D725EB035700B6811A /* Images */,
				F09912D225EB023D00B6811A /* SignOnView */,
				F09912CD25EB002300B6811A /* SelectOrMatchView */,
				F0AEDCDB25E82E0100AAF1AA /* AppDelegate.swift */,
				F0AEDCDD25E82E0100AAF1AA /* SceneDelegate.swift */,
				F0AEDCDF25E82E0100AAF1AA /* ViewController.swift */,
				F0AEDCE125E82E0100AAF1AA /* Main.storyboard */,
				F0AEDCE425E82E0100AAF1AA /* Assets.xcassets */,
				F0AEDCE625E82E0100AAF1AA /* LaunchScreen.storyboard */,
				F0AEDCE925E82E0100AAF1AA /* Info.plist */,
				F0AEDCD925E82E0100AAF1AA /* Products */,
				F07EAC572610C205007A5769 /* User.swift */,
			);
			path = Form2FlyUI;
			sourceTree = "<group>";
		};
		F0C041F025EB22640070FA53 /* ProfessionalTableView */ = {
			isa = PBXGroup;
			children = (
				F0C041F125EB22D10070FA53 /* ProfessionalsViewController.swift */,
				F0C041F425EB262F0070FA53 /* ProTableCell.swift */,
				F0C041F725EB27C60070FA53 /* Professional.swift */,
				F00DCC022619FEBC0076B9FD /* professionalPlayers.swift */,
			);
			path = ProfessionalTableView;
			sourceTree = "<group>";
		};
		F0C041FD25EB383D0070FA53 /* SettingsView */ = {
			isa = PBXGroup;
			children = (
				F0C041FF25EB38940070FA53 /* SettingsViewController.swift */,
			);
			path = SettingsView;
			sourceTree = "<group>";
		};
		F0C0420225EB3B5B0070FA53 /* SelectThrowType */ = {
			isa = PBXGroup;
			children = (
				F0C0420325EB3B870070FA53 /* ThrowTypeViewController.swift */,
			);
			path = SelectThrowType;
			sourceTree = "<group>";
		};
		F613B65231974B7A9AB785AD /* AmplifyConfig */ = {
			isa = PBXGroup;
			children = (
				9D31DA01D984491C89F978F6 /* amplifytools.xcconfig */,
				06337B3F87F045DE92A98793 /* amplifyconfiguration.json */,
				A27F61EE58A447C69EE31E8A /* awsconfiguration.json */,
			);
			name = AmplifyConfig;
			path = .;
			sourceTree = "<group>";
		};
/* End PBXGroup section */

/* Begin PBXNativeTarget section */
		F0AEDCD725E82E0100AAF1AA /* Form2FlyUI */ = {
			isa = PBXNativeTarget;
			buildConfigurationList = F0AEDCEC25E82E0100AAF1AA /* Build configuration list for PBXNativeTarget "Form2FlyUI" */;
			buildPhases = (
				9AAF0286038B75F43C5B40E6 /* [CP] Check Pods Manifest.lock */,
				F0AEDCD425E82E0100AAF1AA /* Sources */,
				F0AEDCD525E82E0100AAF1AA /* Frameworks */,
				F0AEDCD625E82E0100AAF1AA /* Resources */,
				B3D2215BC087C53DDEEA6ED0 /* [CP] Embed Pods Frameworks */,
				5F37B57A4EB6AD1B97084FCF /* [CP] Copy Pods Resources */,
			);
			buildRules = (
			);
			dependencies = (
			);
			name = Form2FlyUI;
			productName = Form2FlyUI;
			productReference = F0AEDCD825E82E0100AAF1AA /* Form2FlyUI.app */;
			productType = "com.apple.product-type.application";
		};
/* End PBXNativeTarget section */

/* Begin PBXProject section */
		F0AEDCD025E82E0100AAF1AA /* Project object */ = {
			isa = PBXProject;
			attributes = {
				LastSwiftUpdateCheck = 1240;
				LastUpgradeCheck = 1240;
				TargetAttributes = {
					F0AEDCD725E82E0100AAF1AA = {
						CreatedOnToolsVersion = 12.4;
					};
				};
			};
			buildConfigurationList = F0AEDCD325E82E0100AAF1AA /* Build configuration list for PBXProject "Form2FlyUI" */;
			compatibilityVersion = "Xcode 9.3";
			developmentRegion = en;
			hasScannedForEncodings = 0;
			knownRegions = (
				en,
				Base,
			);
			mainGroup = F0AEDCCF25E82E0100AAF1AA;
			productRefGroup = F0AEDCD925E82E0100AAF1AA /* Products */;
			projectDirPath = "";
			projectRoot = "";
			targets = (
				F0AEDCD725E82E0100AAF1AA /* Form2FlyUI */,
			);
		};
/* End PBXProject section */

/* Begin PBXResourcesBuildPhase section */
		F0AEDCD625E82E0100AAF1AA /* Resources */ = {
			isa = PBXResourcesBuildPhase;
			buildActionMask = 2147483647;
			files = (
				F0AEDCE825E82E0100AAF1AA /* LaunchScreen.storyboard in Resources */,
				F0F1A87925EC5AAD00AF4F6F /* avatar.png in Resources */,
				F0AEDCE525E82E0100AAF1AA /* Assets.xcassets in Resources */,
				F048CF1125EAB69D006F1C70 /* puzzleNoBG.png in Resources */,
				F048CF1425EACA00006F1C70 /* pickProfessional.png in Resources */,
				F0AEDCF125E831EB00AAF1AA /* image2.png in Resources */,
				F0B662FF260147FA005332E7 /* form2fly_logo_glow (2).png in Resources */,
				F0AEDCE325E82E0100AAF1AA /* Main.storyboard in Resources */,
				F0DAB6872612D9C800417C4F /* awsconfiguration.json in Resources */,
				78A91654528C4BFFA3F9D82F /* amplifyconfiguration.json in Resources */,
				259C32BD5B9440AA86E7772E /* awsconfiguration.json in Resources */,
				F0DAB6842612D9BE00417C4F /* amplifyconfiguration.json in Resources */,
			);
			runOnlyForDeploymentPostprocessing = 0;
		};
/* End PBXResourcesBuildPhase section */

/* Begin PBXShellScriptBuildPhase section */
		5F37B57A4EB6AD1B97084FCF /* [CP] Copy Pods Resources */ = {
			isa = PBXShellScriptBuildPhase;
			buildActionMask = 2147483647;
			files = (
			);
			inputFileListPaths = (
				"${PODS_ROOT}/Target Support Files/Pods-Form2FlyUI/Pods-Form2FlyUI-resources-${CONFIGURATION}-input-files.xcfilelist",
			);
			name = "[CP] Copy Pods Resources";
			outputFileListPaths = (
				"${PODS_ROOT}/Target Support Files/Pods-Form2FlyUI/Pods-Form2FlyUI-resources-${CONFIGURATION}-output-files.xcfilelist",
			);
			runOnlyForDeploymentPostprocessing = 0;
			shellPath = /bin/sh;
			shellScript = "\"${PODS_ROOT}/Target Support Files/Pods-Form2FlyUI/Pods-Form2FlyUI-resources.sh\"\n";
			showEnvVarsInLog = 0;
		};
		9AAF0286038B75F43C5B40E6 /* [CP] Check Pods Manifest.lock */ = {
			isa = PBXShellScriptBuildPhase;
			buildActionMask = 2147483647;
			files = (
			);
			inputFileListPaths = (
			);
			inputPaths = (
				"${PODS_PODFILE_DIR_PATH}/Podfile.lock",
				"${PODS_ROOT}/Manifest.lock",
			);
			name = "[CP] Check Pods Manifest.lock";
			outputFileListPaths = (
			);
			outputPaths = (
				"$(DERIVED_FILE_DIR)/Pods-Form2FlyUI-checkManifestLockResult.txt",
			);
			runOnlyForDeploymentPostprocessing = 0;
			shellPath = /bin/sh;
			shellScript = "diff \"${PODS_PODFILE_DIR_PATH}/Podfile.lock\" \"${PODS_ROOT}/Manifest.lock\" > /dev/null\nif [ $? != 0 ] ; then\n    # print error to STDERR\n    echo \"error: The sandbox is not in sync with the Podfile.lock. Run 'pod install' or update your CocoaPods installation.\" >&2\n    exit 1\nfi\n# This output is used by Xcode 'outputs' to avoid re-running this script phase.\necho \"SUCCESS\" > \"${SCRIPT_OUTPUT_FILE_0}\"\n";
			showEnvVarsInLog = 0;
		};
		B3D2215BC087C53DDEEA6ED0 /* [CP] Embed Pods Frameworks */ = {
			isa = PBXShellScriptBuildPhase;
			buildActionMask = 2147483647;
			files = (
			);
			inputFileListPaths = (
				"${PODS_ROOT}/Target Support Files/Pods-Form2FlyUI/Pods-Form2FlyUI-frameworks-${CONFIGURATION}-input-files.xcfilelist",
			);
			name = "[CP] Embed Pods Frameworks";
			outputFileListPaths = (
				"${PODS_ROOT}/Target Support Files/Pods-Form2FlyUI/Pods-Form2FlyUI-frameworks-${CONFIGURATION}-output-files.xcfilelist",
			);
			runOnlyForDeploymentPostprocessing = 0;
			shellPath = /bin/sh;
			shellScript = "\"${PODS_ROOT}/Target Support Files/Pods-Form2FlyUI/Pods-Form2FlyUI-frameworks.sh\"\n";
			showEnvVarsInLog = 0;
		};
/* End PBXShellScriptBuildPhase section */

/* Begin PBXSourcesBuildPhase section */
		F0AEDCD425E82E0100AAF1AA /* Sources */ = {
			isa = PBXSourcesBuildPhase;
			buildActionMask = 2147483647;
			files = (
				F09EC01B261551CD00E289A4 /* CreateAccountViewController.swift in Sources */,
				F07EAC582610C205007A5769 /* User.swift in Sources */,
				F0AEDCE025E82E0100AAF1AA /* ViewController.swift in Sources */,
				F0C0420425EB3B870070FA53 /* ThrowTypeViewController.swift in Sources */,
				F09912D525EB026200B6811A /* SignOnViewController.swift in Sources */,
				F0C041F825EB27C60070FA53 /* Professional.swift in Sources */,
				F0AEDCDC25E82E0100AAF1AA /* AppDelegate.swift in Sources */,
				F0C041F225EB22D10070FA53 /* ProfessionalsViewController.swift in Sources */,
				F00107B025EC3BEF00D4A383 /* TrainingViewController.swift in Sources */,
				F00DCC032619FEBC0076B9FD /* professionalPlayers.swift in Sources */,
				F09912D025EB005D00B6811A /* SelectOrMatchViewController.swift in Sources */,
				F0C041F525EB262F0070FA53 /* ProTableCell.swift in Sources */,
				F0AEDCDE25E82E0100AAF1AA /* SceneDelegate.swift in Sources */,
				F0C0420025EB38940070FA53 /* SettingsViewController.swift in Sources */,
				F0DAB68A2612DBBF00417C4F /* Backend.swift in Sources */,
				F031338E25EBE29A002C649F /* RecordOrUploadViewController.swift in Sources */,
			);
			runOnlyForDeploymentPostprocessing = 0;
		};
/* End PBXSourcesBuildPhase section */

/* Begin PBXVariantGroup section */
		F0AEDCE125E82E0100AAF1AA /* Main.storyboard */ = {
			isa = PBXVariantGroup;
			children = (
				F0AEDCE225E82E0100AAF1AA /* Base */,
			);
			name = Main.storyboard;
			sourceTree = "<group>";
		};
		F0AEDCE625E82E0100AAF1AA /* LaunchScreen.storyboard */ = {
			isa = PBXVariantGroup;
			children = (
				F0AEDCE725E82E0100AAF1AA /* Base */,
			);
			name = LaunchScreen.storyboard;
			sourceTree = "<group>";
		};
/* End PBXVariantGroup section */

/* Begin XCBuildConfiguration section */
		F0AEDCEA25E82E0100AAF1AA /* Debug */ = {
			isa = XCBuildConfiguration;
			buildSettings = {
				ALWAYS_SEARCH_USER_PATHS = NO;
				CLANG_ANALYZER_NONNULL = YES;
				CLANG_ANALYZER_NUMBER_OBJECT_CONVERSION = YES_AGGRESSIVE;
				CLANG_CXX_LANGUAGE_STANDARD = "gnu++14";
				CLANG_CXX_LIBRARY = "libc++";
				CLANG_ENABLE_MODULES = YES;
				CLANG_ENABLE_OBJC_ARC = YES;
				CLANG_ENABLE_OBJC_WEAK = YES;
				CLANG_WARN_BLOCK_CAPTURE_AUTORELEASING = YES;
				CLANG_WARN_BOOL_CONVERSION = YES;
				CLANG_WARN_COMMA = YES;
				CLANG_WARN_CONSTANT_CONVERSION = YES;
				CLANG_WARN_DEPRECATED_OBJC_IMPLEMENTATIONS = YES;
				CLANG_WARN_DIRECT_OBJC_ISA_USAGE = YES_ERROR;
				CLANG_WARN_DOCUMENTATION_COMMENTS = YES;
				CLANG_WARN_EMPTY_BODY = YES;
				CLANG_WARN_ENUM_CONVERSION = YES;
				CLANG_WARN_INFINITE_RECURSION = YES;
				CLANG_WARN_INT_CONVERSION = YES;
				CLANG_WARN_NON_LITERAL_NULL_CONVERSION = YES;
				CLANG_WARN_OBJC_IMPLICIT_RETAIN_SELF = YES;
				CLANG_WARN_OBJC_LITERAL_CONVERSION = YES;
				CLANG_WARN_OBJC_ROOT_CLASS = YES_ERROR;
				CLANG_WARN_QUOTED_INCLUDE_IN_FRAMEWORK_HEADER = YES;
				CLANG_WARN_RANGE_LOOP_ANALYSIS = YES;
				CLANG_WARN_STRICT_PROTOTYPES = YES;
				CLANG_WARN_SUSPICIOUS_MOVE = YES;
				CLANG_WARN_UNGUARDED_AVAILABILITY = YES_AGGRESSIVE;
				CLANG_WARN_UNREACHABLE_CODE = YES;
				CLANG_WARN__DUPLICATE_METHOD_MATCH = YES;
				COPY_PHASE_STRIP = NO;
				DEBUG_INFORMATION_FORMAT = dwarf;
				ENABLE_STRICT_OBJC_MSGSEND = YES;
				ENABLE_TESTABILITY = YES;
				GCC_C_LANGUAGE_STANDARD = gnu11;
				GCC_DYNAMIC_NO_PIC = NO;
				GCC_NO_COMMON_BLOCKS = YES;
				GCC_OPTIMIZATION_LEVEL = 0;
				GCC_PREPROCESSOR_DEFINITIONS = (
					"DEBUG=1",
					"$(inherited)",
				);
				GCC_WARN_64_TO_32_BIT_CONVERSION = YES;
				GCC_WARN_ABOUT_RETURN_TYPE = YES_ERROR;
				GCC_WARN_UNDECLARED_SELECTOR = YES;
				GCC_WARN_UNINITIALIZED_AUTOS = YES_AGGRESSIVE;
				GCC_WARN_UNUSED_FUNCTION = YES;
				GCC_WARN_UNUSED_VARIABLE = YES;
				IPHONEOS_DEPLOYMENT_TARGET = 14.4;
				MTL_ENABLE_DEBUG_INFO = INCLUDE_SOURCE;
				MTL_FAST_MATH = YES;
				ONLY_ACTIVE_ARCH = YES;
				SDKROOT = iphoneos;
				SWIFT_ACTIVE_COMPILATION_CONDITIONS = DEBUG;
				SWIFT_OPTIMIZATION_LEVEL = "-Onone";
			};
			name = Debug;
		};
		F0AEDCEB25E82E0100AAF1AA /* Release */ = {
			isa = XCBuildConfiguration;
			buildSettings = {
				ALWAYS_SEARCH_USER_PATHS = NO;
				CLANG_ANALYZER_NONNULL = YES;
				CLANG_ANALYZER_NUMBER_OBJECT_CONVERSION = YES_AGGRESSIVE;
				CLANG_CXX_LANGUAGE_STANDARD = "gnu++14";
				CLANG_CXX_LIBRARY = "libc++";
				CLANG_ENABLE_MODULES = YES;
				CLANG_ENABLE_OBJC_ARC = YES;
				CLANG_ENABLE_OBJC_WEAK = YES;
				CLANG_WARN_BLOCK_CAPTURE_AUTORELEASING = YES;
				CLANG_WARN_BOOL_CONVERSION = YES;
				CLANG_WARN_COMMA = YES;
				CLANG_WARN_CONSTANT_CONVERSION = YES;
				CLANG_WARN_DEPRECATED_OBJC_IMPLEMENTATIONS = YES;
				CLANG_WARN_DIRECT_OBJC_ISA_USAGE = YES_ERROR;
				CLANG_WARN_DOCUMENTATION_COMMENTS = YES;
				CLANG_WARN_EMPTY_BODY = YES;
				CLANG_WARN_ENUM_CONVERSION = YES;
				CLANG_WARN_INFINITE_RECURSION = YES;
				CLANG_WARN_INT_CONVERSION = YES;
				CLANG_WARN_NON_LITERAL_NULL_CONVERSION = YES;
				CLANG_WARN_OBJC_IMPLICIT_RETAIN_SELF = YES;
				CLANG_WARN_OBJC_LITERAL_CONVERSION = YES;
				CLANG_WARN_OBJC_ROOT_CLASS = YES_ERROR;
				CLANG_WARN_QUOTED_INCLUDE_IN_FRAMEWORK_HEADER = YES;
				CLANG_WARN_RANGE_LOOP_ANALYSIS = YES;
				CLANG_WARN_STRICT_PROTOTYPES = YES;
				CLANG_WARN_SUSPICIOUS_MOVE = YES;
				CLANG_WARN_UNGUARDED_AVAILABILITY = YES_AGGRESSIVE;
				CLANG_WARN_UNREACHABLE_CODE = YES;
				CLANG_WARN__DUPLICATE_METHOD_MATCH = YES;
				COPY_PHASE_STRIP = NO;
				DEBUG_INFORMATION_FORMAT = "dwarf-with-dsym";
				ENABLE_NS_ASSERTIONS = NO;
				ENABLE_STRICT_OBJC_MSGSEND = YES;
				GCC_C_LANGUAGE_STANDARD = gnu11;
				GCC_NO_COMMON_BLOCKS = YES;
				GCC_WARN_64_TO_32_BIT_CONVERSION = YES;
				GCC_WARN_ABOUT_RETURN_TYPE = YES_ERROR;
				GCC_WARN_UNDECLARED_SELECTOR = YES;
				GCC_WARN_UNINITIALIZED_AUTOS = YES_AGGRESSIVE;
				GCC_WARN_UNUSED_FUNCTION = YES;
				GCC_WARN_UNUSED_VARIABLE = YES;
				IPHONEOS_DEPLOYMENT_TARGET = 14.4;
				MTL_ENABLE_DEBUG_INFO = NO;
				MTL_FAST_MATH = YES;
				SDKROOT = iphoneos;
				SWIFT_COMPILATION_MODE = wholemodule;
				SWIFT_OPTIMIZATION_LEVEL = "-O";
				VALIDATE_PRODUCT = YES;
			};
			name = Release;
		};
		F0AEDCED25E82E0100AAF1AA /* Debug */ = {
			isa = XCBuildConfiguration;
			baseConfigurationReference = CE9A4C8048AAF7D8EB3AB9CA /* Pods-Form2FlyUI.debug.xcconfig */;
			buildSettings = {
				ASSETCATALOG_COMPILER_APPICON_NAME = AppIcon;
				ASSETCATALOG_COMPILER_GLOBAL_ACCENT_COLOR_NAME = AccentColor;
				CODE_SIGN_STYLE = Automatic;
				DEVELOPMENT_TEAM = JS9FB3TADW;
				INFOPLIST_FILE = Form2FlyUI/Info.plist;
				LD_RUNPATH_SEARCH_PATHS = (
					"$(inherited)",
					"@executable_path/Frameworks",
				);
				PRODUCT_BUNDLE_IDENTIFIER = net.mytechportfolio.Form2FlyUI;
				PRODUCT_NAME = "$(TARGET_NAME)";
				SWIFT_VERSION = 5.0;
				TARGETED_DEVICE_FAMILY = "1,2";
			};
			name = Debug;
		};
		F0AEDCEE25E82E0100AAF1AA /* Release */ = {
			isa = XCBuildConfiguration;
			baseConfigurationReference = 6D67DDECD2F818414CE87D54 /* Pods-Form2FlyUI.release.xcconfig */;
			buildSettings = {
				ASSETCATALOG_COMPILER_APPICON_NAME = AppIcon;
				ASSETCATALOG_COMPILER_GLOBAL_ACCENT_COLOR_NAME = AccentColor;
				CODE_SIGN_STYLE = Automatic;
				DEVELOPMENT_TEAM = JS9FB3TADW;
				INFOPLIST_FILE = Form2FlyUI/Info.plist;
				LD_RUNPATH_SEARCH_PATHS = (
					"$(inherited)",
					"@executable_path/Frameworks",
				);
				PRODUCT_BUNDLE_IDENTIFIER = net.mytechportfolio.Form2FlyUI;
				PRODUCT_NAME = "$(TARGET_NAME)";
				SWIFT_VERSION = 5.0;
				TARGETED_DEVICE_FAMILY = "1,2";
			};
			name = Release;
		};
/* End XCBuildConfiguration section */

/* Begin XCConfigurationList section */
		F0AEDCD325E82E0100AAF1AA /* Build configuration list for PBXProject "Form2FlyUI" */ = {
			isa = XCConfigurationList;
			buildConfigurations = (
				F0AEDCEA25E82E0100AAF1AA /* Debug */,
				F0AEDCEB25E82E0100AAF1AA /* Release */,
			);
			defaultConfigurationIsVisible = 0;
			defaultConfigurationName = Release;
		};
		F0AEDCEC25E82E0100AAF1AA /* Build configuration list for PBXNativeTarget "Form2FlyUI" */ = {
			isa = XCConfigurationList;
			buildConfigurations = (
				F0AEDCED25E82E0100AAF1AA /* Debug */,
				F0AEDCEE25E82E0100AAF1AA /* Release */,
			);
			defaultConfigurationIsVisible = 0;
			defaultConfigurationName = Release;
		};
/* End XCConfigurationList section */
	};
	rootObject = F0AEDCD025E82E0100AAF1AA /* Project object */;
}
